// !$*UTF8*$!
{
	archiveVersion = 1;
	classes = {
	};
	objectVersion = 46;
	objects = {

/* Begin PBXBuildFile section */
		0025EAF61E42DEBD009CD5F2 /* orgFinderfromuser.swift in Sources */ = {isa = PBXBuildFile; fileRef = 0025EAF51E42DEBD009CD5F2 /* orgFinderfromuser.swift */; };
		002754E81E3F349F00B4928D /* TagTableVC.swift in Sources */ = {isa = PBXBuildFile; fileRef = 002754E71E3F349F00B4928D /* TagTableVC.swift */; };
		0029995C1E3F017B008E387A /* Organization.swift in Sources */ = {isa = PBXBuildFile; fileRef = 0029995B1E3F017B008E387A /* Organization.swift */; };
		0029995E1E3F01A5008E387A /* Tag.swift in Sources */ = {isa = PBXBuildFile; fileRef = 0029995D1E3F01A5008E387A /* Tag.swift */; };
		002999601E3F01FB008E387A /* User.swift in Sources */ = {isa = PBXBuildFile; fileRef = 0029995F1E3F01FB008E387A /* User.swift */; };
		002A675F1E4151B600AA6265 /* Organization Finder.swift in Sources */ = {isa = PBXBuildFile; fileRef = 002A675E1E4151B600AA6265 /* Organization Finder.swift */; };
		002A67611E41721100AA6265 /* orgDetail.swift in Sources */ = {isa = PBXBuildFile; fileRef = 002A67601E41721100AA6265 /* orgDetail.swift */; };
		00824BD21E221E320031C1DB /* AppDelegate.swift in Sources */ = {isa = PBXBuildFile; fileRef = 00824BD11E221E320031C1DB /* AppDelegate.swift */; };
		00824BD41E221E320031C1DB /* newUser.swift in Sources */ = {isa = PBXBuildFile; fileRef = 00824BD31E221E320031C1DB /* newUser.swift */; };
		00824BD71E221E320031C1DB /* Main.storyboard in Resources */ = {isa = PBXBuildFile; fileRef = 00824BD51E221E320031C1DB /* Main.storyboard */; };
		00824BD91E221E320031C1DB /* Assets.xcassets in Resources */ = {isa = PBXBuildFile; fileRef = 00824BD81E221E320031C1DB /* Assets.xcassets */; };
		00824BDC1E221E320031C1DB /* LaunchScreen.storyboard in Resources */ = {isa = PBXBuildFile; fileRef = 00824BDA1E221E320031C1DB /* LaunchScreen.storyboard */; };
		00824BE71E221E320031C1DB /* Social_JusticeTests.swift in Sources */ = {isa = PBXBuildFile; fileRef = 00824BE61E221E320031C1DB /* Social_JusticeTests.swift */; };
		00824BF21E221E320031C1DB /* Social_JusticeUITests.swift in Sources */ = {isa = PBXBuildFile; fileRef = 00824BF11E221E320031C1DB /* Social_JusticeUITests.swift */; };
		00A2E0361E419FA6008ED3F3 /* MainMenuVC.swift in Sources */ = {isa = PBXBuildFile; fileRef = 00A2E0351E419FA6008ED3F3 /* MainMenuVC.swift */; };
		00A2E0381E41AAEE008ED3F3 /* yourUser.swift in Sources */ = {isa = PBXBuildFile; fileRef = 00A2E0371E41AAEE008ED3F3 /* yourUser.swift */; };
		786BE10D1E598BE200508DA6 /* tagTableVC2.swift in Sources */ = {isa = PBXBuildFile; fileRef = 786BE10C1E598BE200508DA6 /* tagTableVC2.swift */; };
		786DCB851E5A225C00858CCE /* OrgFinder.swift in Sources */ = {isa = PBXBuildFile; fileRef = 786DCB841E5A225C00858CCE /* OrgFinder.swift */; };
		78C2CD971E595C0A00F09EC1 /* customTextField.swift in Sources */ = {isa = PBXBuildFile; fileRef = 78C2CD961E595C0A00F09EC1 /* customTextField.swift */; };
/* End PBXBuildFile section */

/* Begin PBXContainerItemProxy section */
		00824BE31E221E320031C1DB /* PBXContainerItemProxy */ = {
			isa = PBXContainerItemProxy;
			containerPortal = 00824BC61E221E320031C1DB /* Project object */;
			proxyType = 1;
			remoteGlobalIDString = 00824BCD1E221E320031C1DB;
			remoteInfo = "Social Justice";
		};
		00824BEE1E221E320031C1DB /* PBXContainerItemProxy */ = {
			isa = PBXContainerItemProxy;
			containerPortal = 00824BC61E221E320031C1DB /* Project object */;
			proxyType = 1;
			remoteGlobalIDString = 00824BCD1E221E320031C1DB;
			remoteInfo = "Social Justice";
		};
/* End PBXContainerItemProxy section */

/* Begin PBXFileReference section */
		0025EAF51E42DEBD009CD5F2 /* orgFinderfromuser.swift */ = {isa = PBXFileReference; fileEncoding = 4; lastKnownFileType = sourcecode.swift; path = orgFinderfromuser.swift; sourceTree = "<group>"; };
		002754E71E3F349F00B4928D /* TagTableVC.swift */ = {isa = PBXFileReference; fileEncoding = 4; lastKnownFileType = sourcecode.swift; path = TagTableVC.swift; sourceTree = "<group>"; };
		0029995B1E3F017B008E387A /* Organization.swift */ = {isa = PBXFileReference; fileEncoding = 4; lastKnownFileType = sourcecode.swift; path = Organization.swift; sourceTree = "<group>"; };
		0029995D1E3F01A5008E387A /* Tag.swift */ = {isa = PBXFileReference; fileEncoding = 4; lastKnownFileType = sourcecode.swift; path = Tag.swift; sourceTree = "<group>"; };
		0029995F1E3F01FB008E387A /* User.swift */ = {isa = PBXFileReference; fileEncoding = 4; lastKnownFileType = sourcecode.swift; path = User.swift; sourceTree = "<group>"; };
		002A675E1E4151B600AA6265 /* Organization Finder.swift */ = {isa = PBXFileReference; fileEncoding = 4; lastKnownFileType = sourcecode.swift; path = "Organization Finder.swift"; sourceTree = "<group>"; };
		002A67601E41721100AA6265 /* orgDetail.swift */ = {isa = PBXFileReference; fileEncoding = 4; lastKnownFileType = sourcecode.swift; path = orgDetail.swift; sourceTree = "<group>"; };
		00824BCE1E221E320031C1DB /* Social Justice.app */ = {isa = PBXFileReference; explicitFileType = wrapper.application; includeInIndex = 0; path = "Social Justice.app"; sourceTree = BUILT_PRODUCTS_DIR; };
		00824BD11E221E320031C1DB /* AppDelegate.swift */ = {isa = PBXFileReference; lastKnownFileType = sourcecode.swift; path = AppDelegate.swift; sourceTree = "<group>"; };
		00824BD31E221E320031C1DB /* newUser.swift */ = {isa = PBXFileReference; lastKnownFileType = sourcecode.swift; path = newUser.swift; sourceTree = "<group>"; };
		00824BD61E221E320031C1DB /* Base */ = {isa = PBXFileReference; lastKnownFileType = file.storyboard; name = Base; path = Base.lproj/Main.storyboard; sourceTree = "<group>"; };
		00824BD81E221E320031C1DB /* Assets.xcassets */ = {isa = PBXFileReference; lastKnownFileType = folder.assetcatalog; path = Assets.xcassets; sourceTree = "<group>"; };
		00824BDB1E221E320031C1DB /* Base */ = {isa = PBXFileReference; lastKnownFileType = file.storyboard; name = Base; path = Base.lproj/LaunchScreen.storyboard; sourceTree = "<group>"; };
		00824BDD1E221E320031C1DB /* Info.plist */ = {isa = PBXFileReference; lastKnownFileType = text.plist.xml; path = Info.plist; sourceTree = "<group>"; };
		00824BE21E221E320031C1DB /* Social JusticeTests.xctest */ = {isa = PBXFileReference; explicitFileType = wrapper.cfbundle; includeInIndex = 0; path = "Social JusticeTests.xctest"; sourceTree = BUILT_PRODUCTS_DIR; };
		00824BE61E221E320031C1DB /* Social_JusticeTests.swift */ = {isa = PBXFileReference; lastKnownFileType = sourcecode.swift; path = Social_JusticeTests.swift; sourceTree = "<group>"; };
		00824BE81E221E320031C1DB /* Info.plist */ = {isa = PBXFileReference; lastKnownFileType = text.plist.xml; path = Info.plist; sourceTree = "<group>"; };
		00824BED1E221E320031C1DB /* Social JusticeUITests.xctest */ = {isa = PBXFileReference; explicitFileType = wrapper.cfbundle; includeInIndex = 0; path = "Social JusticeUITests.xctest"; sourceTree = BUILT_PRODUCTS_DIR; };
		00824BF11E221E320031C1DB /* Social_JusticeUITests.swift */ = {isa = PBXFileReference; lastKnownFileType = sourcecode.swift; path = Social_JusticeUITests.swift; sourceTree = "<group>"; };
		00824BF31E221E320031C1DB /* Info.plist */ = {isa = PBXFileReference; lastKnownFileType = text.plist.xml; path = Info.plist; sourceTree = "<group>"; };
		00A2E0351E419FA6008ED3F3 /* MainMenuVC.swift */ = {isa = PBXFileReference; fileEncoding = 4; lastKnownFileType = sourcecode.swift; path = MainMenuVC.swift; sourceTree = "<group>"; };
		00A2E0371E41AAEE008ED3F3 /* yourUser.swift */ = {isa = PBXFileReference; fileEncoding = 4; lastKnownFileType = sourcecode.swift; path = yourUser.swift; sourceTree = "<group>"; };
		786BE10C1E598BE200508DA6 /* tagTableVC2.swift */ = {isa = PBXFileReference; fileEncoding = 4; lastKnownFileType = sourcecode.swift; path = tagTableVC2.swift; sourceTree = "<group>"; };
		786DCB841E5A225C00858CCE /* OrgFinder.swift */ = {isa = PBXFileReference; fileEncoding = 4; lastKnownFileType = sourcecode.swift; path = OrgFinder.swift; sourceTree = "<group>"; };
		78C2CD961E595C0A00F09EC1 /* customTextField.swift */ = {isa = PBXFileReference; fileEncoding = 4; lastKnownFileType = sourcecode.swift; path = customTextField.swift; sourceTree = "<group>"; };
/* End PBXFileReference section */

/* Begin PBXFrameworksBuildPhase section */
		00824BCB1E221E320031C1DB /* Frameworks */ = {
			isa = PBXFrameworksBuildPhase;
			buildActionMask = 2147483647;
			files = (
			);
			runOnlyForDeploymentPostprocessing = 0;
		};
		00824BDF1E221E320031C1DB /* Frameworks */ = {
			isa = PBXFrameworksBuildPhase;
			buildActionMask = 2147483647;
			files = (
			);
			runOnlyForDeploymentPostprocessing = 0;
		};
		00824BEA1E221E320031C1DB /* Frameworks */ = {
			isa = PBXFrameworksBuildPhase;
			buildActionMask = 2147483647;
			files = (
			);
			runOnlyForDeploymentPostprocessing = 0;
		};
/* End PBXFrameworksBuildPhase section */

/* Begin PBXGroup section */
		002999591E3F0146008E387A /* Classes */ = {
			isa = PBXGroup;
			children = (
				78C2CD961E595C0A00F09EC1 /* customTextField.swift */,
				0029995B1E3F017B008E387A /* Organization.swift */,
				0029995D1E3F01A5008E387A /* Tag.swift */,
				0029995F1E3F01FB008E387A /* User.swift */,
			);
			name = Classes;
			sourceTree = "<group>";
		};
		0029995A1E3F014E008E387A /* View Controllers */ = {
			isa = PBXGroup;
			children = (
				786BE10C1E598BE200508DA6 /* tagTableVC2.swift */,
				00824BD31E221E320031C1DB /* newUser.swift */,
				002754E71E3F349F00B4928D /* TagTableVC.swift */,
				002A675E1E4151B600AA6265 /* Organization Finder.swift */,
				002A67601E41721100AA6265 /* orgDetail.swift */,
				00A2E0351E419FA6008ED3F3 /* MainMenuVC.swift */,
				00A2E0371E41AAEE008ED3F3 /* yourUser.swift */,
				0025EAF51E42DEBD009CD5F2 /* orgFinderfromuser.swift */,
				786DCB841E5A225C00858CCE /* OrgFinder.swift */,
			);
			name = "View Controllers";
			sourceTree = "<group>";
		};
		00824BC51E221E320031C1DB = {
			isa = PBXGroup;
			children = (
				00824BD01E221E320031C1DB /* Social Justice */,
				00824BE51E221E320031C1DB /* Social JusticeTests */,
				00824BF01E221E320031C1DB /* Social JusticeUITests */,
				00824BCF1E221E320031C1DB /* Products */,
			);
			sourceTree = "<group>";
		};
		00824BCF1E221E320031C1DB /* Products */ = {
			isa = PBXGroup;
			children = (
				00824BCE1E221E320031C1DB /* Social Justice.app */,
				00824BE21E221E320031C1DB /* Social JusticeTests.xctest */,
				00824BED1E221E320031C1DB /* Social JusticeUITests.xctest */,
			);
			name = Products;
			sourceTree = "<group>";
		};
		00824BD01E221E320031C1DB /* Social Justice */ = {
			isa = PBXGroup;
			children = (
				0029995A1E3F014E008E387A /* View Controllers */,
				002999591E3F0146008E387A /* Classes */,
				00824BD11E221E320031C1DB /* AppDelegate.swift */,
				00824BD51E221E320031C1DB /* Main.storyboard */,
				00824BD81E221E320031C1DB /* Assets.xcassets */,
				00824BDA1E221E320031C1DB /* LaunchScreen.storyboard */,
				00824BDD1E221E320031C1DB /* Info.plist */,
			);
			path = "Social Justice";
			sourceTree = "<group>";
		};
		00824BE51E221E320031C1DB /* Social JusticeTests */ = {
			isa = PBXGroup;
			children = (
				00824BE61E221E320031C1DB /* Social_JusticeTests.swift */,
				00824BE81E221E320031C1DB /* Info.plist */,
			);
			path = "Social JusticeTests";
			sourceTree = "<group>";
		};
		00824BF01E221E320031C1DB /* Social JusticeUITests */ = {
			isa = PBXGroup;
			children = (
				00824BF11E221E320031C1DB /* Social_JusticeUITests.swift */,
				00824BF31E221E320031C1DB /* Info.plist */,
			);
			path = "Social JusticeUITests";
			sourceTree = "<group>";
		};
/* End PBXGroup section */

/* Begin PBXNativeTarget section */
		00824BCD1E221E320031C1DB /* Social Justice */ = {
			isa = PBXNativeTarget;
			buildConfigurationList = 00824BF61E221E320031C1DB /* Build configuration list for PBXNativeTarget "Social Justice" */;
			buildPhases = (
				00824BCA1E221E320031C1DB /* Sources */,
				00824BCB1E221E320031C1DB /* Frameworks */,
				00824BCC1E221E320031C1DB /* Resources */,
			);
			buildRules = (
			);
			dependencies = (
			);
			name = "Social Justice";
			productName = "Social Justice";
			productReference = 00824BCE1E221E320031C1DB /* Social Justice.app */;
			productType = "com.apple.product-type.application";
		};
		00824BE11E221E320031C1DB /* Social JusticeTests */ = {
			isa = PBXNativeTarget;
			buildConfigurationList = 00824BF91E221E320031C1DB /* Build configuration list for PBXNativeTarget "Social JusticeTests" */;
			buildPhases = (
				00824BDE1E221E320031C1DB /* Sources */,
				00824BDF1E221E320031C1DB /* Frameworks */,
				00824BE01E221E320031C1DB /* Resources */,
			);
			buildRules = (
			);
			dependencies = (
				00824BE41E221E320031C1DB /* PBXTargetDependency */,
			);
			name = "Social JusticeTests";
			productName = "Social JusticeTests";
			productReference = 00824BE21E221E320031C1DB /* Social JusticeTests.xctest */;
			productType = "com.apple.product-type.bundle.unit-test";
		};
		00824BEC1E221E320031C1DB /* Social JusticeUITests */ = {
			isa = PBXNativeTarget;
			buildConfigurationList = 00824BFC1E221E320031C1DB /* Build configuration list for PBXNativeTarget "Social JusticeUITests" */;
			buildPhases = (
				00824BE91E221E320031C1DB /* Sources */,
				00824BEA1E221E320031C1DB /* Frameworks */,
				00824BEB1E221E320031C1DB /* Resources */,
			);
			buildRules = (
			);
			dependencies = (
				00824BEF1E221E320031C1DB /* PBXTargetDependency */,
			);
			name = "Social JusticeUITests";
			productName = "Social JusticeUITests";
			productReference = 00824BED1E221E320031C1DB /* Social JusticeUITests.xctest */;
			productType = "com.apple.product-type.bundle.ui-testing";
		};
/* End PBXNativeTarget section */

/* Begin PBXProject section */
		00824BC61E221E320031C1DB /* Project object */ = {
			isa = PBXProject;
			attributes = {
				LastSwiftUpdateCheck = 0820;
				LastUpgradeCheck = 0820;
				ORGANIZATIONNAME = "Gabriel Spound";
				TargetAttributes = {
					00824BCD1E221E320031C1DB = {
						CreatedOnToolsVersion = 8.2.1;
						DevelopmentTeam = K9293LAVXN;
						ProvisioningStyle = Automatic;
					};
					00824BE11E221E320031C1DB = {
						CreatedOnToolsVersion = 8.2.1;
						ProvisioningStyle = Automatic;
						TestTargetID = 00824BCD1E221E320031C1DB;
					};
					00824BEC1E221E320031C1DB = {
						CreatedOnToolsVersion = 8.2.1;
						ProvisioningStyle = Automatic;
						TestTargetID = 00824BCD1E221E320031C1DB;
					};
				};
			};
			buildConfigurationList = 00824BC91E221E320031C1DB /* Build configuration list for PBXProject "Social Justice" */;
			compatibilityVersion = "Xcode 3.2";
			developmentRegion = English;
			hasScannedForEncodings = 0;
			knownRegions = (
				en,
				Base,
			);
			mainGroup = 00824BC51E221E320031C1DB;
			productRefGroup = 00824BCF1E221E320031C1DB /* Products */;
			projectDirPath = "";
			projectRoot = "";
			targets = (
				00824BCD1E221E320031C1DB /* Social Justice */,
				00824BE11E221E320031C1DB /* Social JusticeTests */,
				00824BEC1E221E320031C1DB /* Social JusticeUITests */,
			);
		};
/* End PBXProject section */

/* Begin PBXResourcesBuildPhase section */
		00824BCC1E221E320031C1DB /* Resources */ = {
			isa = PBXResourcesBuildPhase;
			buildActionMask = 2147483647;
			files = (
				00824BDC1E221E320031C1DB /* LaunchScreen.storyboard in Resources */,
				00824BD91E221E320031C1DB /* Assets.xcassets in Resources */,
				00824BD71E221E320031C1DB /* Main.storyboard in Resources */,
			);
			runOnlyForDeploymentPostprocessing = 0;
		};
		00824BE01E221E320031C1DB /* Resources */ = {
			isa = PBXResourcesBuildPhase;
			buildActionMask = 2147483647;
			files = (
			);
			runOnlyForDeploymentPostprocessing = 0;
		};
		00824BEB1E221E320031C1DB /* Resources */ = {
			isa = PBXResourcesBuildPhase;
			buildActionMask = 2147483647;
			files = (
			);
			runOnlyForDeploymentPostprocessing = 0;
		};
/* End PBXResourcesBuildPhase section */

/* Begin PBXSourcesBuildPhase section */
		00824BCA1E221E320031C1DB /* Sources */ = {
			isa = PBXSourcesBuildPhase;
			buildActionMask = 2147483647;
			files = (
				786BE10D1E598BE200508DA6 /* tagTableVC2.swift in Sources */,
				002754E81E3F349F00B4928D /* TagTableVC.swift in Sources */,
				00A2E0381E41AAEE008ED3F3 /* yourUser.swift in Sources */,
				0029995E1E3F01A5008E387A /* Tag.swift in Sources */,
				00824BD41E221E320031C1DB /* newUser.swift in Sources */,
				0029995C1E3F017B008E387A /* Organization.swift in Sources */,
				002999601E3F01FB008E387A /* User.swift in Sources */,
				002A67611E41721100AA6265 /* orgDetail.swift in Sources */,
				00824BD21E221E320031C1DB /* AppDelegate.swift in Sources */,
				78C2CD971E595C0A00F09EC1 /* customTextField.swift in Sources */,
				0025EAF61E42DEBD009CD5F2 /* orgFinderfromuser.swift in Sources */,
				002A675F1E4151B600AA6265 /* Organization Finder.swift in Sources */,
				786DCB851E5A225C00858CCE /* OrgFinder.swift in Sources */,
				00A2E0361E419FA6008ED3F3 /* MainMenuVC.swift in Sources */,
			);
			runOnlyForDeploymentPostprocessing = 0;
		};
		00824BDE1E221E320031C1DB /* Sources */ = {
			isa = PBXSourcesBuildPhase;
			buildActionMask = 2147483647;
			files = (
				00824BE71E221E320031C1DB /* Social_JusticeTests.swift in Sources */,
			);
			runOnlyForDeploymentPostprocessing = 0;
		};
		00824BE91E221E320031C1DB /* Sources */ = {
			isa = PBXSourcesBuildPhase;
			buildActionMask = 2147483647;
			files = (
				00824BF21E221E320031C1DB /* Social_JusticeUITests.swift in Sources */,
			);
			runOnlyForDeploymentPostprocessing = 0;
		};
/* End PBXSourcesBuildPhase section */

/* Begin PBXTargetDependency section */
		00824BE41E221E320031C1DB /* PBXTargetDependency */ = {
			isa = PBXTargetDependency;
			target = 00824BCD1E221E320031C1DB /* Social Justice */;
			targetProxy = 00824BE31E221E320031C1DB /* PBXContainerItemProxy */;
		};
		00824BEF1E221E320031C1DB /* PBXTargetDependency */ = {
			isa = PBXTargetDependency;
			target = 00824BCD1E221E320031C1DB /* Social Justice */;
			targetProxy = 00824BEE1E221E320031C1DB /* PBXContainerItemProxy */;
		};
/* End PBXTargetDependency section */

/* Begin PBXVariantGroup section */
		00824BD51E221E320031C1DB /* Main.storyboard */ = {
			isa = PBXVariantGroup;
			children = (
				00824BD61E221E320031C1DB /* Base */,
			);
			name = Main.storyboard;
			sourceTree = "<group>";
		};
		00824BDA1E221E320031C1DB /* LaunchScreen.storyboard */ = {
			isa = PBXVariantGroup;
			children = (
				00824BDB1E221E320031C1DB /* Base */,
			);
			name = LaunchScreen.storyboard;
			sourceTree = "<group>";
		};
/* End PBXVariantGroup section */

/* Begin XCBuildConfiguration section */
		00824BF41E221E320031C1DB /* Debug */ = {
			isa = XCBuildConfiguration;
			buildSettings = {
				ALWAYS_SEARCH_USER_PATHS = NO;
				CLANG_ANALYZER_NONNULL = YES;
				CLANG_CXX_LANGUAGE_STANDARD = "gnu++0x";
				CLANG_CXX_LIBRARY = "libc++";
				CLANG_ENABLE_MODULES = YES;
				CLANG_ENABLE_OBJC_ARC = YES;
				CLANG_WARN_BOOL_CONVERSION = YES;
				CLANG_WARN_CONSTANT_CONVERSION = YES;
				CLANG_WARN_DIRECT_OBJC_ISA_USAGE = YES_ERROR;
				CLANG_WARN_DOCUMENTATION_COMMENTS = YES;
				CLANG_WARN_EMPTY_BODY = YES;
				CLANG_WARN_ENUM_CONVERSION = YES;
				CLANG_WARN_INFINITE_RECURSION = YES;
				CLANG_WARN_INT_CONVERSION = YES;
				CLANG_WARN_OBJC_ROOT_CLASS = YES_ERROR;
				CLANG_WARN_SUSPICIOUS_MOVE = YES;
				CLANG_WARN_UNREACHABLE_CODE = YES;
				CLANG_WARN__DUPLICATE_METHOD_MATCH = YES;
				"CODE_SIGN_IDENTITY[sdk=iphoneos*]" = "iPhone Developer";
				COPY_PHASE_STRIP = NO;
				DEBUG_INFORMATION_FORMAT = dwarf;
				ENABLE_STRICT_OBJC_MSGSEND = YES;
				ENABLE_TESTABILITY = YES;
				GCC_C_LANGUAGE_STANDARD = gnu99;
				GCC_DYNAMIC_NO_PIC = NO;
				GCC_NO_COMMON_BLOCKS = YES;
				GCC_OPTIMIZATION_LEVEL = 0;
				GCC_PREPROCESSOR_DEFINITIONS = (
					"DEBUG=1",
					"$(inherited)",
				);
				GCC_WARN_64_TO_32_BIT_CONVERSION = YES;
				GCC_WARN_ABOUT_RETURN_TYPE = YES_ERROR;
				GCC_WARN_UNDECLARED_SELECTOR = YES;
				GCC_WARN_UNINITIALIZED_AUTOS = YES_AGGRESSIVE;
				GCC_WARN_UNUSED_FUNCTION = YES;
				GCC_WARN_UNUSED_VARIABLE = YES;
				IPHONEOS_DEPLOYMENT_TARGET = 10.2;
				MTL_ENABLE_DEBUG_INFO = YES;
				ONLY_ACTIVE_ARCH = YES;
				SDKROOT = iphoneos;
				SWIFT_ACTIVE_COMPILATION_CONDITIONS = DEBUG;
				SWIFT_OPTIMIZATION_LEVEL = "-Onone";
				TARGETED_DEVICE_FAMILY = "1,2";
			};
			name = Debug;
		};
		00824BF51E221E320031C1DB /* Release */ = {
			isa = XCBuildConfiguration;
			buildSettings = {
				ALWAYS_SEARCH_USER_PATHS = NO;
				CLANG_ANALYZER_NONNULL = YES;
				CLANG_CXX_LANGUAGE_STANDARD = "gnu++0x";
				CLANG_CXX_LIBRARY = "libc++";
				CLANG_ENABLE_MODULES = YES;
				CLANG_ENABLE_OBJC_ARC = YES;
				CLANG_WARN_BOOL_CONVERSION = YES;
				CLANG_WARN_CONSTANT_CONVERSION = YES;
				CLANG_WARN_DIRECT_OBJC_ISA_USAGE = YES_ERROR;
				CLANG_WARN_DOCUMENTATION_COMMENTS = YES;
				CLANG_WARN_EMPTY_BODY = YES;
				CLANG_WARN_ENUM_CONVERSION = YES;
				CLANG_WARN_INFINITE_RECURSION = YES;
				CLANG_WARN_INT_CONVERSION = YES;
				CLANG_WARN_OBJC_ROOT_CLASS = YES_ERROR;
				CLANG_WARN_SUSPICIOUS_MOVE = YES;
				CLANG_WARN_UNREACHABLE_CODE = YES;
				CLANG_WARN__DUPLICATE_METHOD_MATCH = YES;
				"CODE_SIGN_IDENTITY[sdk=iphoneos*]" = "iPhone Developer";
				COPY_PHASE_STRIP = NO;
				DEBUG_INFORMATION_FORMAT = "dwarf-with-dsym";
				ENABLE_NS_ASSERTIONS = NO;
				ENABLE_STRICT_OBJC_MSGSEND = YES;
				GCC_C_LANGUAGE_STANDARD = gnu99;
				GCC_NO_COMMON_BLOCKS = YES;
				GCC_WARN_64_TO_32_BIT_CONVERSION = YES;
				GCC_WARN_ABOUT_RETURN_TYPE = YES_ERROR;
				GCC_WARN_UNDECLARED_SELECTOR = YES;
				GCC_WARN_UNINITIALIZED_AUTOS = YES_AGGRESSIVE;
				GCC_WARN_UNUSED_FUNCTION = YES;
				GCC_WARN_UNUSED_VARIABLE = YES;
				IPHONEOS_DEPLOYMENT_TARGET = 10.2;
				MTL_ENABLE_DEBUG_INFO = NO;
				SDKROOT = iphoneos;
				SWIFT_OPTIMIZATION_LEVEL = "-Owholemodule";
				TARGETED_DEVICE_FAMILY = "1,2";
				VALIDATE_PRODUCT = YES;
			};
			name = Release;
		};
		00824BF71E221E320031C1DB /* Debug */ = {
			isa = XCBuildConfiguration;
			buildSettings = {
				ASSETCATALOG_COMPILER_APPICON_NAME = AppIcon;
				CODE_SIGN_IDENTITY = "";
				"CODE_SIGN_IDENTITY[sdk=iphoneos*]" = "iPhone Developer";
				DEVELOPMENT_TEAM = K9293LAVXN;
				INFOPLIST_FILE = "Social Justice/Info.plist";
				IPHONEOS_DEPLOYMENT_TARGET = 9.2;
				LD_RUNPATH_SEARCH_PATHS = "$(inherited) @executable_path/Frameworks";
				PRODUCT_BUNDLE_IDENTIFIER = com.pigboydevelopment.voices;
				PRODUCT_NAME = "$(TARGET_NAME)";
				PROVISIONING_PROFILE = "";
				PROVISIONING_PROFILE_SPECIFIER = "";
				SWIFT_VERSION = 3.0;
			};
			name = Debug;
		};
		00824BF81E221E320031C1DB /* Release */ = {
			isa = XCBuildConfiguration;
			buildSettings = {
				ASSETCATALOG_COMPILER_APPICON_NAME = AppIcon;
				CODE_SIGN_IDENTITY = "";
				"CODE_SIGN_IDENTITY[sdk=iphoneos*]" = "iPhone Developer";
				DEVELOPMENT_TEAM = K9293LAVXN;
				INFOPLIST_FILE = "Social Justice/Info.plist";
				IPHONEOS_DEPLOYMENT_TARGET = 9.2;
				LD_RUNPATH_SEARCH_PATHS = "$(inherited) @executable_path/Frameworks";
				PRODUCT_BUNDLE_IDENTIFIER = com.pigboydevelopment.voices;
				PRODUCT_NAME = "$(TARGET_NAME)";
				PROVISIONING_PROFILE = "";
				PROVISIONING_PROFILE_SPECIFIER = "";
				SWIFT_VERSION = 3.0;
			};
			name = Release;
		};
		00824BFA1E221E320031C1DB /* Debug */ = {
			isa = XCBuildConfiguration;
			buildSettings = {
				ALWAYS_EMBED_SWIFT_STANDARD_LIBRARIES = YES;
				BUNDLE_LOADER = "$(TEST_HOST)";
				INFOPLIST_FILE = "Social JusticeTests/Info.plist";
				IPHONEOS_DEPLOYMENT_TARGET = 9.0;
				LD_RUNPATH_SEARCH_PATHS = "$(inherited) @executable_path/Frameworks @loader_path/Frameworks";
				PRODUCT_BUNDLE_IDENTIFIER = "PigboyDevelopment.Social-JusticeTests";
				PRODUCT_NAME = "$(TARGET_NAME)";
				SWIFT_VERSION = 3.0;
				TEST_HOST = "$(BUILT_PRODUCTS_DIR)/Social Justice.app/Social Justice";
			};
			name = Debug;
		};
		00824BFB1E221E320031C1DB /* Release */ = {
			isa = XCBuildConfiguration;
			buildSettings = {
				ALWAYS_EMBED_SWIFT_STANDARD_LIBRARIES = YES;
				BUNDLE_LOADER = "$(TEST_HOST)";
				INFOPLIST_FILE = "Social JusticeTests/Info.plist";
				IPHONEOS_DEPLOYMENT_TARGET = 9.0;
				LD_RUNPATH_SEARCH_PATHS = "$(inherited) @executable_path/Frameworks @loader_path/Frameworks";
				PRODUCT_BUNDLE_IDENTIFIER = "PigboyDevelopment.Social-JusticeTests";
				PRODUCT_NAME = "$(TARGET_NAME)";
				SWIFT_VERSION = 3.0;
				TEST_HOST = "$(BUILT_PRODUCTS_DIR)/Social Justice.app/Social Justice";
			};
			name = Release;
		};
		00824BFD1E221E320031C1DB /* Debug */ = {
			isa = XCBuildConfiguration;
			buildSettings = {
				ALWAYS_EMBED_SWIFT_STANDARD_LIBRARIES = YES;
				INFOPLIST_FILE = "Social JusticeUITests/Info.plist";
				LD_RUNPATH_SEARCH_PATHS = "$(inherited) @executable_path/Frameworks @loader_path/Frameworks";
				PRODUCT_BUNDLE_IDENTIFIER = "PigboyDevelopment.Social-JusticeUITests";
				PRODUCT_NAME = "$(TARGET_NAME)";
				SWIFT_VERSION = 3.0;
				TEST_TARGET_NAME = "Social Justice";
			};
			name = Debug;
		};
		00824BFE1E221E320031C1DB /* Release */ = {
			isa = XCBuildConfiguration;
			buildSettings = {
				ALWAYS_EMBED_SWIFT_STANDARD_LIBRARIES = YES;
				INFOPLIST_FILE = "Social JusticeUITests/Info.plist";
				LD_RUNPATH_SEARCH_PATHS = "$(inherited) @executable_path/Frameworks @loader_path/Frameworks";
				PRODUCT_BUNDLE_IDENTIFIER = "PigboyDevelopment.Social-JusticeUITests";
				PRODUCT_NAME = "$(TARGET_NAME)";
				SWIFT_VERSION = 3.0;
				TEST_TARGET_NAME = "Social Justice";
			};
			name = Release;
		};
/* End XCBuildConfiguration section */

/* Begin XCConfigurationList section */
		00824BC91E221E320031C1DB /* Build configuration list for PBXProject "Social Justice" */ = {
			isa = XCConfigurationList;
			buildConfigurations = (
				00824BF41E221E320031C1DB /* Debug */,
				00824BF51E221E320031C1DB /* Release */,
			);
			defaultConfigurationIsVisible = 0;
			defaultConfigurationName = Release;
		};
		00824BF61E221E320031C1DB /* Build configuration list for PBXNativeTarget "Social Justice" */ = {
			isa = XCConfigurationList;
			buildConfigurations = (
				00824BF71E221E320031C1DB /* Debug */,
				00824BF81E221E320031C1DB /* Release */,
			);
			defaultConfigurationIsVisible = 0;
			defaultConfigurationName = Release;
		};
		00824BF91E221E320031C1DB /* Build configuration list for PBXNativeTarget "Social JusticeTests" */ = {
			isa = XCConfigurationList;
			buildConfigurations = (
				00824BFA1E221E320031C1DB /* Debug */,
				00824BFB1E221E320031C1DB /* Release */,
			);
			defaultConfigurationIsVisible = 0;
			defaultConfigurationName = Release;
		};
		00824BFC1E221E320031C1DB /* Build configuration list for PBXNativeTarget "Social JusticeUITests" */ = {
			isa = XCConfigurationList;
			buildConfigurations = (
				00824BFD1E221E320031C1DB /* Debug */,
				00824BFE1E221E320031C1DB /* Release */,
			);
			defaultConfigurationIsVisible = 0;
			defaultConfigurationName = Release;
		};
/* End XCConfigurationList section */
	};
	rootObject = 00824BC61E221E320031C1DB /* Project object */;
}
